
Microsoft Visual Studio Solution File, Format Version 12.00
# Visual Studio Version 17
VisualStudioVersion = 17.3.32811.315
MinimumVisualStudioVersion = 10.0.40219.1
Project("{9A19103F-16F7-4668-BE54-9A1E7A4F7556}") = "OSRSFriendMonitor", "OSRSFriendMonitor\OSRSFriendMonitor.csproj", "{6C4F496D-C500-43AB-ABF4-1B00E48F6F42}"
EndProject
Project("{9A19103F-16F7-4668-BE54-9A1E7A4F7556}") = "OSRSFriendMonitor.Shared", "OSRSFriendMonitor.Shared\OSRSFriendMonitor.Shared.csproj", "{21E2B122-E34E-4DEC-B2D1-3F62585D1D31}"
EndProject
Project("{FAE04EC0-301F-11D3-BF4B-00C04F79EFBC}") = "OSRSFriendMonitor.Shared.Tests", "OSRSFriendMonitor.Shared.Tests\OSRSFriendMonitor.Shared.Tests.csproj", "{909817F3-3D05-4DB2-8F20-B11E422D2294}"
EndProject
Project("{FAE04EC0-301F-11D3-BF4B-00C04F79EFBC}") = "OSRSFriendMonitorFunctions", "OSRSFriendMonitorFunctions\OSRSFriendMonitorFunctions.csproj", "{EA0EA059-04A9-49E9-B3B8-FCBDD0B08DCF}"
EndProject
Global
	GlobalSection(SolutionConfigurationPlatforms) = preSolution
		Debug|Any CPU = Debug|Any CPU
		Release|Any CPU = Release|Any CPU
	EndGlobalSection
	GlobalSection(ProjectConfigurationPlatforms) = postSolution
		{6C4F496D-C500-43AB-ABF4-1B00E48F6F42}.Debug|Any CPU.ActiveCfg = Debug|Any CPU
		{6C4F496D-C500-43AB-ABF4-1B00E48F6F42}.Debug|Any CPU.Build.0 = Debug|Any CPU
		{6C4F496D-C500-43AB-ABF4-1B00E48F6F42}.Release|Any CPU.ActiveCfg = Release|Any CPU
		{6C4F496D-C500-43AB-ABF4-1B00E48F6F42}.Release|Any CPU.Build.0 = Release|Any CPU
		{21E2B122-E34E-4DEC-B2D1-3F62585D1D31}.Debug|Any CPU.ActiveCfg = Debug|Any CPU
		{21E2B122-E34E-4DEC-B2D1-3F62585D1D31}.Debug|Any CPU.Build.0 = Debug|Any CPU
		{21E2B122-E34E-4DEC-B2D1-3F62585D1D31}.Release|Any CPU.ActiveCfg = Release|Any CPU
		{21E2B122-E34E-4DEC-B2D1-3F62585D1D31}.Release|Any CPU.Build.0 = Release|Any CPU
		{909817F3-3D05-4DB2-8F20-B11E422D2294}.Debug|Any CPU.ActiveCfg = Debug|Any CPU
		{909817F3-3D05-4DB2-8F20-B11E422D2294}.Debug|Any CPU.Build.0 = Debug|Any CPU
		{909817F3-3D05-4DB2-8F20-B11E422D2294}.Release|Any CPU.ActiveCfg = Release|Any CPU
		{909817F3-3D05-4DB2-8F20-B11E422D2294}.Release|Any CPU.Build.0 = Release|Any CPU
		{EA0EA059-04A9-49E9-B3B8-FCBDD0B08DCF}.Debug|Any CPU.ActiveCfg = Debug|Any CPU
		{EA0EA059-04A9-49E9-B3B8-FCBDD0B08DCF}.Debug|Any CPU.Build.0 = Debug|Any CPU
		{EA0EA059-04A9-49E9-B3B8-FCBDD0B08DCF}.Release|Any CPU.ActiveCfg = Release|Any CPU
		{EA0EA059-04A9-49E9-B3B8-FCBDD0B08DCF}.Release|Any CPU.Build.0 = Release|Any CPU
	EndGlobalSection
	GlobalSection(SolutionProperties) = preSolution
		HideSolutionNode = FALSE
	EndGlobalSection
	GlobalSection(ExtensibilityGlobals) = postSolution
		SolutionGuid = {607F9431-B19C-4F97-A57A-C3FD3BB2BA24}
	EndGlobalSection
EndGlobal
